# This file is generated by gogradle automatically, you should NEVER modify it manually.
---
apiVersion: "0.11.4"
dependencies:
  build:
  - urls:
    - "https://github.com/jfreymuth/oggvorbis.git"
    - "git@github.com:jfreymuth/oggvorbis.git"
    vcs: "git"
    name: "github.com/jfreymuth/oggvorbis"
    commit: "edc4372c514deb0780743577b3947c490fc4a13e"
    transitive: false
  - urls:
    - "https://github.com/jfreymuth/vorbis.git"
    - "git@github.com:jfreymuth/vorbis.git"
    vcs: "git"
    name: "github.com/jfreymuth/vorbis"
    commit: "008ec6649ae4e5b42f565f0e0f8cf6b4c593f31c"
    transitive: false
  test: []
